// !$*UTF8*$!
{
	archiveVersion = 1;
	classes = {
	};
	objectVersion = 46;
	objects = {

/* Begin PBXBuildFile section */
		CC32160C1CC21FC900FED3C5 /* main.m in Sources */ = {isa = PBXBuildFile; fileRef = CC32160B1CC21FC900FED3C5 /* main.m */; };
		CC3216301CC224A300FED3C5 /* Boss.m in Sources */ = {isa = PBXBuildFile; fileRef = CC32162D1CC224A300FED3C5 /* Boss.m */; };
		CC3216311CC224A300FED3C5 /* Person1.m in Sources */ = {isa = PBXBuildFile; fileRef = CC32162F1CC224A300FED3C5 /* Person1.m */; };
/* End PBXBuildFile section */

/* Begin PBXCopyFilesBuildPhase section */
		CC3216061CC21FC900FED3C5 /* CopyFiles */ = {
			isa = PBXCopyFilesBuildPhase;
			buildActionMask = 2147483647;
			dstPath = /usr/share/man/man1/;
			dstSubfolderSpec = 0;
			files = (
			);
			runOnlyForDeploymentPostprocessing = 1;
		};
/* End PBXCopyFilesBuildPhase section */

/* Begin PBXFileReference section */
		CC3216081CC21FC900FED3C5 /* 4.OC (串讲)-Block */ = {isa = PBXFileReference; explicitFileType = "compiled.mach-o.executable"; includeInIndex = 0; path = "4.OC (串讲)-Block"; sourceTree = BUILT_PRODUCTS_DIR; };
		CC32160B1CC21FC900FED3C5 /* main.m */ = {isa = PBXFileReference; lastKnownFileType = sourcecode.c.objc; path = main.m; sourceTree = "<group>"; };
		CC32162C1CC224A300FED3C5 /* Boss.h */ = {isa = PBXFileReference; fileEncoding = 4; lastKnownFileType = sourcecode.c.h; path = Boss.h; sourceTree = "<group>"; };
		CC32162D1CC224A300FED3C5 /* Boss.m */ = {isa = PBXFileReference; fileEncoding = 4; lastKnownFileType = sourcecode.c.objc; path = Boss.m; sourceTree = "<group>"; };
		CC32162E1CC224A300FED3C5 /* Person1.h */ = {isa = PBXFileReference; fileEncoding = 4; lastKnownFileType = sourcecode.c.h; path = Person1.h; sourceTree = "<group>"; };
		CC32162F1CC224A300FED3C5 /* Person1.m */ = {isa = PBXFileReference; fileEncoding = 4; lastKnownFileType = sourcecode.c.objc; path = Person1.m; sourceTree = "<group>"; };
/* End PBXFileReference section */

/* Begin PBXFrameworksBuildPhase section */
		CC3216051CC21FC900FED3C5 /* Frameworks */ = {
			isa = PBXFrameworksBuildPhase;
			buildActionMask = 2147483647;
			files = (
			);
			runOnlyForDeploymentPostprocessing = 0;
		};
/* End PBXFrameworksBuildPhase section */

/* Begin PBXGroup section */
		CC3215FF1CC21FC900FED3C5 = {
			isa = PBXGroup;
			children = (
				CC32160A1CC21FC900FED3C5 /* 4.OC (串讲)-Block */,
				CC3216091CC21FC900FED3C5 /* Products */,
			);
			sourceTree = "<group>";
		};
		CC3216091CC21FC900FED3C5 /* Products */ = {
			isa = PBXGroup;
			children = (
				CC3216081CC21FC900FED3C5 /* 4.OC (串讲)-Block */,
			);
			name = Products;
			sourceTree = "<group>";
		};
		CC32160A1CC21FC900FED3C5 /* 4.OC (串讲)-Block */ = {
			isa = PBXGroup;
			children = (
				CC32160B1CC21FC900FED3C5 /* main.m */,
				CC32162C1CC224A300FED3C5 /* Boss.h */,
				CC32162D1CC224A300FED3C5 /* Boss.m */,
				CC32162E1CC224A300FED3C5 /* Person1.h */,
				CC32162F1CC224A300FED3C5 /* Person1.m */,
			);
			path = "4.OC (串讲)-Block";
			sourceTree = "<group>";
		};
/* End PBXGroup section */

/* Begin PBXNativeTarget section */
		CC3216071CC21FC900FED3C5 /* 4.OC (串讲)-Block */ = {
			isa = PBXNativeTarget;
			buildConfigurationList = CC32160F1CC21FC900FED3C5 /* Build configuration list for PBXNativeTarget "4.OC (串讲)-Block" */;
			buildPhases = (
				CC3216041CC21FC900FED3C5 /* Sources */,
				CC3216051CC21FC900FED3C5 /* Frameworks */,
				CC3216061CC21FC900FED3C5 /* CopyFiles */,
			);
			buildRules = (
			);
			dependencies = (
			);
			name = "4.OC (串讲)-Block";
			productName = "4.OC (串讲)-Block";
			productReference = CC3216081CC21FC900FED3C5 /* 4.OC (串讲)-Block */;
			productType = "com.apple.product-type.tool";
		};
/* End PBXNativeTarget section */

/* Begin PBXProject section */
		CC3216001CC21FC900FED3C5 /* Project object */ = {
			isa = PBXProject;
			attributes = {
				LastUpgradeCheck = 0710;
				ORGANIZATIONNAME = QingYun;
				TargetAttributes = {
					CC3216071CC21FC900FED3C5 = {
						CreatedOnToolsVersion = 7.1.1;
					};
				};
			};
			buildConfigurationList = CC3216031CC21FC900FED3C5 /* Build configuration list for PBXProject "4.OC (串讲)-Block" */;
			compatibilityVersion = "Xcode 3.2";
			developmentRegion = English;
			hasScannedForEncodings = 0;
			knownRegions = (
				en,
			);
			mainGroup = CC3215FF1CC21FC900FED3C5;
			productRefGroup = CC3216091CC21FC900FED3C5 /* Products */;
			projectDirPath = "";
			projectRoot = "";
			targets = (
				CC3216071CC21FC900FED3C5 /* 4.OC (串讲)-Block */,
			);
		};
/* End PBXProject section */

/* Begin PBXSourcesBuildPhase section */
		CC3216041CC21FC900FED3C5 /* Sources */ = {
			isa = PBXSourcesBuildPhase;
			buildActionMask = 2147483647;
			files = (
				CC3216311CC224A300FED3C5 /* Person1.m in Sources */,
				CC3216301CC224A300FED3C5 /* Boss.m in Sources */,
				CC32160C1CC21FC900FED3C5 /* main.m in Sources */,
			);
			runOnlyForDeploymentPostprocessing = 0;
		};
/* End PBXSourcesBuildPhase section */

/* Begin XCBuildConfiguration section */
		CC32160D1CC21FC900FED3C5 /* Debug */ = {
			isa = XCBuildConfiguration;
			buildSettings = {
				ALWAYS_SEARCH_USER_PATHS = NO;
				CLANG_CXX_LANGUAGE_STANDARD = "gnu++0x";
				CLANG_CXX_LIBRARY = "libc++";
				CLANG_ENABLE_MODULES = YES;
				CLANG_ENABLE_OBJC_ARC = YES;
				CLANG_WARN_BOOL_CONVERSION = YES;
				CLANG_WARN_CONSTANT_CONVERSION = YES;
				CLANG_WARN_DIRECT_OBJC_ISA_USAGE = YES_ERROR;
				CLANG_WARN_EMPTY_BODY = YES;
				CLANG_WARN_ENUM_CONVERSION = YES;
				CLANG_WARN_INT_CONVERSION = YES;
				CLANG_WARN_OBJC_ROOT_CLASS = YES_ERROR;
				CLANG_WARN_UNREACHABLE_CODE = YES;
				CLANG_WARN__DUPLICATE_METHOD_MATCH = YES;
				CODE_SIGN_IDENTITY = "-";
				COPY_PHASE_STRIP = NO;
				DEBUG_INFORMATION_FORMAT = dwarf;
				ENABLE_STRICT_OBJC_MSGSEND = YES;
				ENABLE_TESTABILITY = YES;
				GCC_C_LANGUAGE_STANDARD = gnu99;
				GCC_DYNAMIC_NO_PIC = NO;
				GCC_NO_COMMON_BLOCKS = YES;
				GCC_OPTIMIZATION_LEVEL = 0;
				GCC_PREPROCESSOR_DEFINITIONS = (
					"DEBUG=1",
					"$(inherited)",
				);
				GCC_WARN_64_TO_32_BIT_CONVERSION = YES;
				GCC_WARN_ABOUT_RETURN_TYPE = YES_ERROR;
				GCC_WARN_UNDECLARED_SELECTOR = YES;
				GCC_WARN_UNINITIALIZED_AUTOS = YES_AGGRESSIVE;
				GCC_WARN_UNUSED_FUNCTION = YES;
				GCC_WARN_UNUSED_VARIABLE = YES;
				MACOSX_DEPLOYMENT_TARGET = 10.11;
				MTL_ENABLE_DEBUG_INFO = YES;
				ONLY_ACTIVE_ARCH = YES;
				SDKROOT = macosx;
			};
			name = Debug;
		};
		CC32160E1CC21FC900FED3C5 /* Release */ = {
			isa = XCBuildConfiguration;
			buildSettings = {
				ALWAYS_SEARCH_USER_PATHS = NO;
				CLANG_CXX_LANGUAGE_STANDARD = "gnu++0x";
				CLANG_CXX_LIBRARY = "libc++";
				CLANG_ENABLE_MODULES = YES;
				CLANG_ENABLE_OBJC_ARC = YES;
				CLANG_WARN_BOOL_CONVERSION = YES;
				CLANG_WARN_CONSTANT_CONVERSION = YES;
				CLANG_WARN_DIRECT_OBJC_ISA_USAGE = YES_ERROR;
				CLANG_WARN_EMPTY_BODY = YES;
				CLANG_WARN_ENUM_CONVERSION = YES;
				CLANG_WARN_INT_CONVERSION = YES;
				CLANG_WARN_OBJC_ROOT_CLASS = YES_ERROR;
				CLANG_WARN_UNREACHABLE_CODE = YES;
				CLANG_WARN__DUPLICATE_METHOD_MATCH = YES;
				CODE_SIGN_IDENTITY = "-";
				COPY_PHASE_STRIP = NO;
				DEBUG_INFORMATION_FORMAT = "dwarf-with-dsym";
				ENABLE_NS_ASSERTIONS = NO;
				ENABLE_STRICT_OBJC_MSGSEND = YES;
				GCC_C_LANGUAGE_STANDARD = gnu99;
				GCC_NO_COMMON_BLOCKS = YES;
				GCC_WARN_64_TO_32_BIT_CONVERSION = YES;
				GCC_WARN_ABOUT_RETURN_TYPE = YES_ERROR;
				GCC_WARN_UNDECLARED_SELECTOR = YES;
				GCC_WARN_UNINITIALIZED_AUTOS = YES_AGGRESSIVE;
				GCC_WARN_UNUSED_FUNCTION = YES;
				GCC_WARN_UNUSED_VARIABLE = YES;
				MACOSX_DEPLOYMENT_TARGET = 10.11;
				MTL_ENABLE_DEBUG_INFO = NO;
				SDKROOT = macosx;
			};
			name = Release;
		};
		CC3216101CC21FC900FED3C5 /* Debug */ = {
			isa = XCBuildConfiguration;
			buildSettings = {
				PRODUCT_NAME = "$(TARGET_NAME)";
			};
			name = Debug;
		};
		CC3216111CC21FC900FED3C5 /* Release */ = {
			isa = XCBuildConfiguration;
			buildSettings = {
				PRODUCT_NAME = "$(TARGET_NAME)";
			};
			name = Release;
		};
/* End XCBuildConfiguration section */

/* Begin XCConfigurationList section */
		CC3216031CC21FC900FED3C5 /* Build configuration list for PBXProject "4.OC (串讲)-Block" */ = {
			isa = XCConfigurationList;
			buildConfigurations = (
				CC32160D1CC21FC900FED3C5 /* Debug */,
				CC32160E1CC21FC900FED3C5 /* Release */,
			);
			defaultConfigurationIsVisible = 0;
			defaultConfigurationName = Release;
		};
		CC32160F1CC21FC900FED3C5 /* Build configuration list for PBXNativeTarget "4.OC (串讲)-Block" */ = {
			isa = XCConfigurationList;
			buildConfigurations = (
				CC3216101CC21FC900FED3C5 /* Debug */,
				CC3216111CC21FC900FED3C5 /* Release */,
			);
			defaultConfigurationIsVisible = 0;
		};
/* End XCConfigurationList section */
	};
	rootObject = CC3216001CC21FC900FED3C5 /* Project object */;
}
